Microsoft Visual Studio Solution File, Format Version 12.00
# Visual Studio Version 17
VisualStudioVersion = 17.0.31903.59
MinimumVisualStudioVersion = 10.0.40219.1
Project("{FAE04EC0-301F-11D3-BF4B-00C04F79EFBC}") = "PedidoAPI", "PedidoAPI\PedidoAPI.csproj", "{9A23FCB1-B8DF-46A4-9D3F-FEB2536E76E2}"
EndProject
Project("{FAE04EC0-301F-11D3-BF4B-00C04F79EFBC}") = "PedidoWorker", "PedidoWorker\PedidoWorker.csproj", "{3B9ABFAF-25D6-4B87-8A9C-5F960AD0A960}"
EndProject
Global
	GlobalSection(SolutionConfigurationPlatforms) = preSolution
		Debug|Any CPU = Debug|Any CPU
		Release|Any CPU = Release|Any CPU
	EndGlobalSection
	GlobalSection(ProjectConfigurationPlatforms) = postSolution
		{9A23FCB1-B8DF-46A4-9D3F-FEB2536E76E2}.Debug|Any CPU.ActiveCfg = Debug|Any CPU
		{9A23FCB1-B8DF-46A4-9D3F-FEB2536E76E2}.Debug|Any CPU.Build.0 = Debug|Any CPU
		{9A23FCB1-B8DF-46A4-9D3F-FEB2536E76E2}.Release|Any CPU.ActiveCfg = Release|Any CPU
		{9A23FCB1-B8DF-46A4-9D3F-FEB2536E76E2}.Release|Any CPU.Build.0 = Release|Any CPU
		{3B9ABFAF-25D6-4B87-8A9C-5F960AD0A960}.Debug|Any CPU.ActiveCfg = Debug|Any CPU
		{3B9ABFAF-25D6-4B87-8A9C-5F960AD0A960}.Debug|Any CPU.Build.0 = Debug|Any CPU
		{3B9ABFAF-25D6-4B87-8A9C-5F960AD0A960}.Release|Any CPU.ActiveCfg = Release|Any CPU
		{3B9ABFAF-25D6-4B87-8A9C-5F960AD0A960}.Release|Any CPU.Build.0 = Release|Any CPU
	EndGlobalSection
	GlobalSection(SolutionProperties) = preSolution
		HideSolutionNode = FALSE
	EndGlobalSection
EndGlobal
